
Microsoft Visual Studio Solution File, Format Version 12.00
# Visual Studio 2017
Project("{FAE04EC0-301F-11D3-BF4B-00C04F79EFBC}") = "RogueLite", "RogueLite.csproj", "{DEBCC46D-BF42-1FB0-18A8-716E76AE9831}"
EndProject
Project("{FAE04EC0-301F-11D3-BF4B-00C04F79EFBC}") = "RogueLite.Plugins", "RogueLite.Plugins.csproj", "{CBF40F7B-8CEA-B30E-EF90-1670B67C4A63}"
EndProject
Project("{FAE04EC0-301F-11D3-BF4B-00C04F79EFBC}") = "RogueLite.Editor", "RogueLite.Editor.csproj", "{17F9A91F-5D02-5F3B-440A-FA1D30ECC483}"
EndProject
Project("{FAE04EC0-301F-11D3-BF4B-00C04F79EFBC}") = "RogueLite.Editor.Plugins", "RogueLite.Editor.Plugins.csproj", "{20DD3599-0B1D-9743-9D7E-1D226FCA3146}"
EndProject
Global
	GlobalSection(SolutionConfigurationPlatforms) = preSolution
		Debug|Any CPU = Debug|Any CPU
		Release|Any CPU = Release|Any CPU
	EndGlobalSection
	GlobalSection(ProjectConfigurationPlatforms) = postSolution
		{DEBCC46D-BF42-1FB0-18A8-716E76AE9831}.Debug|Any CPU.ActiveCfg = Debug|Any CPU
		{DEBCC46D-BF42-1FB0-18A8-716E76AE9831}.Debug|Any CPU.Build.0 = Debug|Any CPU
		{DEBCC46D-BF42-1FB0-18A8-716E76AE9831}.Release|Any CPU.ActiveCfg = Release|Any CPU
		{DEBCC46D-BF42-1FB0-18A8-716E76AE9831}.Release|Any CPU.Build.0 = Release|Any CPU
		{CBF40F7B-8CEA-B30E-EF90-1670B67C4A63}.Debug|Any CPU.ActiveCfg = Debug|Any CPU
		{CBF40F7B-8CEA-B30E-EF90-1670B67C4A63}.Debug|Any CPU.Build.0 = Debug|Any CPU
		{CBF40F7B-8CEA-B30E-EF90-1670B67C4A63}.Release|Any CPU.ActiveCfg = Release|Any CPU
		{CBF40F7B-8CEA-B30E-EF90-1670B67C4A63}.Release|Any CPU.Build.0 = Release|Any CPU
		{17F9A91F-5D02-5F3B-440A-FA1D30ECC483}.Debug|Any CPU.ActiveCfg = Debug|Any CPU
		{17F9A91F-5D02-5F3B-440A-FA1D30ECC483}.Debug|Any CPU.Build.0 = Debug|Any CPU
		{17F9A91F-5D02-5F3B-440A-FA1D30ECC483}.Release|Any CPU.ActiveCfg = Release|Any CPU
		{17F9A91F-5D02-5F3B-440A-FA1D30ECC483}.Release|Any CPU.Build.0 = Release|Any CPU
		{20DD3599-0B1D-9743-9D7E-1D226FCA3146}.Debug|Any CPU.ActiveCfg = Debug|Any CPU
		{20DD3599-0B1D-9743-9D7E-1D226FCA3146}.Debug|Any CPU.Build.0 = Debug|Any CPU
		{20DD3599-0B1D-9743-9D7E-1D226FCA3146}.Release|Any CPU.ActiveCfg = Release|Any CPU
		{20DD3599-0B1D-9743-9D7E-1D226FCA3146}.Release|Any CPU.Build.0 = Release|Any CPU
	EndGlobalSection
	GlobalSection(SolutionProperties) = preSolution
		HideSolutionNode = FALSE
	EndGlobalSection
EndGlobal
